{
  "version": 4,
  "terraform_version": "0.13.4",
  "serial": 61,
  "lineage": "f618284f-5a88-d071-3ea9-c6ac6d767dd2",
  "outputs": {},
  "resources": [
    {
      "mode": "managed",
      "type": "docker_network",
      "name": "backend_network",
      "provider": "provider[\"registry.terraform.io/terraform-providers/docker\"]",
      "instances": [
        {
          "schema_version": 1,
          "attributes": {
            "attachable": false,
            "check_duplicate": null,
            "driver": "bridge",
            "id": "9fc35f4523e01e8a3163a672efa3aff25c875f3787895cf3951dbc1b4fca6cf5",
            "ingress": false,
            "internal": false,
            "ipam_config": [
              {
                "aux_address": {},
                "gateway": "172.19.0.1",
                "ip_range": "",
                "subnet": "172.19.0.0/16"
              }
            ],
            "ipam_driver": "default",
            "ipv6": false,
            "labels": [],
            "name": "microBrew-backend_network",
            "options": {},
            "scope": "local"
          },
          "private": "eyJzY2hlbWFfdmVyc2lvbiI6IjEifQ=="
        }
      ]
    },
    {
      "module": "module.brew_db",
      "mode": "managed",
      "type": "docker_container",
      "name": "couchdb_container",
      "provider": "provider[\"registry.terraform.io/terraform-providers/docker\"]",
      "instances": [
        {
          "schema_version": 2,
          "attributes": {
            "attach": false,
            "bridge": "",
            "capabilities": [],
            "command": [
              "/opt/bitnami/scripts/couchdb/run.sh"
            ],
            "container_logs": null,
            "cpu_set": "",
            "cpu_shares": 0,
            "destroy_grace_seconds": null,
            "devices": [],
            "dns": [],
            "dns_opts": [],
            "dns_search": [],
            "domainname": "",
            "entrypoint": [
              "/opt/bitnami/scripts/couchdb/entrypoint.sh"
            ],
            "env": [
              "COUCHDB_PASSWORD=microBrew",
              "COUCHDB_USER=microBrew"
            ],
            "exit_code": null,
            "gateway": "172.19.0.1",
            "group_add": [],
            "healthcheck": [],
            "host": [],
            "hostname": "ed7abc7b0129",
            "id": "ed7abc7b012937cd8f18df0f16dc136db071e6684752927120b86b02167114de",
            "image": "sha256:a260820c9e2efa86834e9f0ee5eab51b517c0a2f30dee5d8ed3258109521cb9e",
            "ip_address": "172.19.0.2",
            "ip_prefix_length": 16,
            "ipc_mode": "private",
            "labels": [],
            "links": [],
            "log_driver": "json-file",
            "log_opts": {},
            "logs": false,
            "max_retry_count": 0,
            "memory": 0,
            "memory_swap": 0,
            "mounts": [],
            "must_run": true,
            "name": "microBrew-couchdb_container",
            "network_alias": null,
            "network_data": [
              {
                "gateway": "172.19.0.1",
                "ip_address": "172.19.0.2",
                "ip_prefix_length": 16,
                "network_name": "microBrew-backend_network"
              }
            ],
            "network_mode": "default",
            "networks": null,
            "networks_advanced": [
              {
                "aliases": [],
                "ipv4_address": "",
                "ipv6_address": "",
                "name": "microBrew-backend_network"
              }
            ],
            "pid_mode": "",
            "ports": [],
            "privileged": false,
            "publish_all_ports": false,
            "read_only": false,
            "restart": "always",
            "rm": false,
            "shm_size": 64,
            "start": true,
            "sysctls": {},
            "tmpfs": {},
            "ulimit": [],
            "upload": [],
            "user": "1001",
            "userns_mode": "",
            "volumes": [
              {
                "container_path": "/bitnami/couchdb",
                "from_container": "",
                "host_path": "",
                "read_only": false,
                "volume_name": "microBrew-couchdb_volume"
              }
            ],
            "working_dir": ""
          },
          "private": "eyJzY2hlbWFfdmVyc2lvbiI6IjIifQ==",
          "dependencies": [
            "docker_network.backend_network",
            "module.brew_db.docker_image.couchdb_image",
            "module.brew_db.docker_volume.couchdb_volume"
          ]
        }
      ]
    },
    {
      "module": "module.brew_db",
      "mode": "managed",
      "type": "docker_image",
      "name": "couchdb_image",
      "provider": "provider[\"registry.terraform.io/terraform-providers/docker\"]",
      "instances": [
        {
          "schema_version": 0,
          "attributes": {
            "id": "sha256:a260820c9e2efa86834e9f0ee5eab51b517c0a2f30dee5d8ed3258109521cb9ebitnami/couchdb:latest",
            "keep_locally": null,
            "latest": "sha256:a260820c9e2efa86834e9f0ee5eab51b517c0a2f30dee5d8ed3258109521cb9e",
            "name": "bitnami/couchdb:latest",
            "pull_trigger": null,
            "pull_triggers": null
          },
          "private": "bnVsbA=="
        }
      ]
    },
    {
      "module": "module.brew_db",
      "mode": "managed",
      "type": "docker_volume",
      "name": "couchdb_volume",
      "provider": "provider[\"registry.terraform.io/terraform-providers/docker\"]",
      "instances": [
        {
          "schema_version": 1,
          "attributes": {
            "driver": "local",
            "driver_opts": {},
            "id": "microBrew-couchdb_volume",
            "labels": [],
            "mountpoint": "/var/lib/docker/volumes/microBrew-couchdb_volume/_data",
            "name": "microBrew-couchdb_volume"
          },
          "private": "eyJzY2hlbWFfdmVyc2lvbiI6IjEifQ=="
        }
      ]
    },
    {
      "module": "module.server",
      "mode": "managed",
      "type": "docker_container",
      "name": "server_container",
      "provider": "provider[\"registry.terraform.io/terraform-providers/docker\"]",
      "instances": [
        {
          "schema_version": 2,
          "attributes": {
            "attach": false,
            "bridge": "",
            "capabilities": [],
            "command": [
              "python",
              "program.py"
            ],
            "container_logs": null,
            "cpu_set": "",
            "cpu_shares": 0,
            "destroy_grace_seconds": null,
            "devices": [],
            "dns": [],
            "dns_opts": [],
            "dns_search": null,
            "domainname": "",
            "entrypoint": [],
            "env": [
              "BR_DB_DATABASE=br",
              "BR_DB_HOST=microBrew-couchdb_container",
              "BR_DB_PASSWORD=microBrew",
              "BR_DB_PORT=5984",
              "BR_DB_USERNAME=microBrew",
              "TS_DB_DATABASE=ts",
              "TS_DB_HOST=microBrew-influxdb_container",
              "TS_DB_PASSWORD=microBrew",
              "TS_DB_PORT=8086",
              "TS_DB_USERNAME=microBrew"
            ],
            "exit_code": null,
            "gateway": "172.19.0.1",
            "group_add": null,
            "healthcheck": [],
            "host": [],
            "hostname": "7ac37ca32542",
            "id": "7ac37ca32542fdab47d37aca798a42a4ff2f4dea77f05111b2de79645ca25d56",
            "image": "sha256:df35161f491d227a868ff321527784595f1ff8d4d9646d7352408ac54682baba",
            "ip_address": "172.19.0.4",
            "ip_prefix_length": 16,
            "ipc_mode": "private",
            "labels": [],
            "links": null,
            "log_driver": "json-file",
            "log_opts": {},
            "logs": false,
            "max_retry_count": 0,
            "memory": 0,
            "memory_swap": 0,
            "mounts": [],
            "must_run": true,
            "name": "microBrew-server_container",
            "network_alias": null,
            "network_data": [
              {
                "gateway": "172.19.0.1",
                "ip_address": "172.19.0.4",
                "ip_prefix_length": 16,
                "network_name": "microBrew-backend_network"
              }
            ],
            "network_mode": "default",
            "networks": null,
            "networks_advanced": [
              {
                "aliases": [],
                "ipv4_address": "",
                "ipv6_address": "",
                "name": "microBrew-backend_network"
              }
            ],
            "pid_mode": "",
            "ports": [
              {
                "external": 52100,
                "internal": 52100,
                "ip": "0.0.0.0",
                "protocol": "tcp"
              }
            ],
            "privileged": false,
            "publish_all_ports": false,
            "read_only": false,
            "restart": "always",
            "rm": false,
            "shm_size": 64,
            "start": true,
            "sysctls": null,
            "tmpfs": null,
            "ulimit": [],
            "upload": [],
            "user": "",
            "userns_mode": "",
            "volumes": [],
            "working_dir": "/app"
          },
          "private": "eyJzY2hlbWFfdmVyc2lvbiI6IjIifQ==",
          "dependencies": [
            "docker_network.backend_network",
            "module.brew_db.docker_container.couchdb_container",
            "module.server.docker_image.server_image",
            "module.timeseries_db.docker_container.influxdb_container"
          ]
        }
      ]
    },
    {
      "module": "module.server",
      "mode": "managed",
      "type": "docker_image",
      "name": "server_image",
      "provider": "provider[\"registry.terraform.io/terraform-providers/docker\"]",
      "instances": [
        {
          "schema_version": 0,
          "attributes": {
            "id": "sha256:df35161f491d227a868ff321527784595f1ff8d4d9646d7352408ac54682babakubac65/micro-brew-server:latest",
            "keep_locally": null,
            "latest": "sha256:df35161f491d227a868ff321527784595f1ff8d4d9646d7352408ac54682baba",
            "name": "kubac65/micro-brew-server:latest",
            "pull_trigger": null,
            "pull_triggers": null
          },
          "private": "bnVsbA=="
        }
      ]
    },
    {
      "module": "module.timeseries_db",
      "mode": "managed",
      "type": "docker_container",
      "name": "influxdb_container",
      "provider": "provider[\"registry.terraform.io/terraform-providers/docker\"]",
      "instances": [
        {
          "schema_version": 2,
          "attributes": {
            "attach": false,
            "bridge": "",
            "capabilities": [],
            "command": [
              "influxd"
            ],
            "container_logs": null,
            "cpu_set": "",
            "cpu_shares": 0,
            "destroy_grace_seconds": null,
            "devices": [],
            "dns": [],
            "dns_opts": [],
            "dns_search": [],
            "domainname": "",
            "entrypoint": [
              "/entrypoint.sh"
            ],
            "env": [
              "INFLUXDB_DB=ts",
              "INFLUXDB_USER=microBrew",
              "INFLUXDB_USER_password=microBrew"
            ],
            "exit_code": null,
            "gateway": "172.19.0.1",
            "group_add": [],
            "healthcheck": [],
            "host": [],
            "hostname": "bd4aeefaaeb6",
            "id": "bd4aeefaaeb672e3695241a83f3df3e0b3a0f006ae19d72d6f7eb14573445e51",
            "image": "sha256:35de8cc24dfca8ad80fc93bba1bc7125240b3e27b457a1ef529aac5fb6217eef",
            "ip_address": "172.19.0.3",
            "ip_prefix_length": 16,
            "ipc_mode": "private",
            "labels": [],
            "links": [],
            "log_driver": "json-file",
            "log_opts": {},
            "logs": false,
            "max_retry_count": 0,
            "memory": 0,
            "memory_swap": 0,
            "mounts": [],
            "must_run": true,
            "name": "microBrew-influxdb_container",
            "network_alias": null,
            "network_data": [
              {
                "gateway": "172.19.0.1",
                "ip_address": "172.19.0.3",
                "ip_prefix_length": 16,
                "network_name": "microBrew-backend_network"
              }
            ],
            "network_mode": "default",
            "networks": null,
            "networks_advanced": [
              {
                "aliases": [],
                "ipv4_address": "",
                "ipv6_address": "",
                "name": "microBrew-backend_network"
              }
            ],
            "pid_mode": "",
            "ports": [],
            "privileged": false,
            "publish_all_ports": false,
            "read_only": false,
            "restart": "always",
            "rm": false,
            "shm_size": 64,
            "start": true,
            "sysctls": {},
            "tmpfs": {},
            "ulimit": [],
            "upload": [],
            "user": "",
            "userns_mode": "",
            "volumes": [
              {
                "container_path": "/var/lib/db",
                "from_container": "",
                "host_path": "",
                "read_only": false,
                "volume_name": "microBrew-influxdb_volume"
              }
            ],
            "working_dir": ""
          },
          "private": "eyJzY2hlbWFfdmVyc2lvbiI6IjIifQ==",
          "dependencies": [
            "docker_network.backend_network",
            "module.timeseries_db.docker_image.influxdb_image",
            "module.timeseries_db.docker_volume.influxdb_volume"
          ]
        }
      ]
    },
    {
      "module": "module.timeseries_db",
      "mode": "managed",
      "type": "docker_image",
      "name": "influxdb_image",
      "provider": "provider[\"registry.terraform.io/terraform-providers/docker\"]",
      "instances": [
        {
          "schema_version": 0,
          "attributes": {
            "id": "sha256:35de8cc24dfca8ad80fc93bba1bc7125240b3e27b457a1ef529aac5fb6217eefinfluxdb:latest",
            "keep_locally": null,
            "latest": "sha256:35de8cc24dfca8ad80fc93bba1bc7125240b3e27b457a1ef529aac5fb6217eef",
            "name": "influxdb:latest",
            "pull_trigger": null,
            "pull_triggers": null
          },
          "private": "bnVsbA=="
        }
      ]
    },
    {
      "module": "module.timeseries_db",
      "mode": "managed",
      "type": "docker_volume",
      "name": "influxdb_volume",
      "provider": "provider[\"registry.terraform.io/terraform-providers/docker\"]",
      "instances": [
        {
          "schema_version": 1,
          "attributes": {
            "driver": "local",
            "driver_opts": {},
            "id": "microBrew-influxdb_volume",
            "labels": [],
            "mountpoint": "/var/lib/docker/volumes/microBrew-influxdb_volume/_data",
            "name": "microBrew-influxdb_volume"
          },
          "private": "eyJzY2hlbWFfdmVyc2lvbiI6IjEifQ=="
        }
      ]
    }
  ]
}
